
Microsoft Visual Studio Solution File, Format Version 12.00
# Visual Studio Version 16
VisualStudioVersion = 16.0.36602.28
MinimumVisualStudioVersion = 10.0.40219.1
Project("{FAE04EC0-301F-11D3-BF4B-00C04F79EFBC}") = "EnemyPortraitOverlays", "EnemyPortraitOverlays.csproj", "{75258350-F1BA-4464-B52C-FCEA3F7F0EE7}"
EndProject
Global
	GlobalSection(SolutionConfigurationPlatforms) = preSolution
		Debug|Any CPU = Debug|Any CPU
		Release|Any CPU = Release|Any CPU
	EndGlobalSection
	GlobalSection(ProjectConfigurationPlatforms) = postSolution
		{75258350-F1BA-4464-B52C-FCEA3F7F0EE7}.Debug|Any CPU.ActiveCfg = Debug|Any CPU
		{75258350-F1BA-4464-B52C-FCEA3F7F0EE7}.Debug|Any CPU.Build.0 = Debug|Any CPU
		{75258350-F1BA-4464-B52C-FCEA3F7F0EE7}.Release|Any CPU.ActiveCfg = Release|Any CPU
		{75258350-F1BA-4464-B52C-FCEA3F7F0EE7}.Release|Any CPU.Build.0 = Release|Any CPU
	EndGlobalSection
	GlobalSection(SolutionProperties) = preSolution
		HideSolutionNode = FALSE
	EndGlobalSection
	GlobalSection(ExtensibilityGlobals) = postSolution
		SolutionGuid = {DDA5B530-0198-41E8-A095-87CF80C5A217}
	EndGlobalSection
EndGlobal
